
Microsoft Visual Studio Solution File, Format Version 12.00
# Visual Studio Version 17
VisualStudioVersion = 17.10.34928.147
MinimumVisualStudioVersion = 10.0.40219.1
Project("{9A19103F-16F7-4668-BE54-9A1E7A4F7556}") = "Nursery", "Nursery\Nursery.csproj", "{82DB4680-AF00-46F0-AE1C-337A247B7D78}"
EndProject
Project("{9A19103F-16F7-4668-BE54-9A1E7A4F7556}") = "Nursery.Domin", "Nursery_Domin\Nursery.Domin.csproj", "{636B6836-114A-48BE-9645-A37810DE7721}"
EndProject
Project("{9A19103F-16F7-4668-BE54-9A1E7A4F7556}") = "Nursery.Infrastructure", "Nursery.Infrastructure\Nursery.Infrastructure.csproj", "{4131BEEE-1A35-49C3-8D93-7C0530B31523}"
EndProject
Global
	GlobalSection(SolutionConfigurationPlatforms) = preSolution
		Debug|Any CPU = Debug|Any CPU
		Release|Any CPU = Release|Any CPU
	EndGlobalSection
	GlobalSection(ProjectConfigurationPlatforms) = postSolution
		{82DB4680-AF00-46F0-AE1C-337A247B7D78}.Debug|Any CPU.ActiveCfg = Debug|Any CPU
		{82DB4680-AF00-46F0-AE1C-337A247B7D78}.Debug|Any CPU.Build.0 = Debug|Any CPU
		{82DB4680-AF00-46F0-AE1C-337A247B7D78}.Release|Any CPU.ActiveCfg = Release|Any CPU
		{82DB4680-AF00-46F0-AE1C-337A247B7D78}.Release|Any CPU.Build.0 = Release|Any CPU
		{636B6836-114A-48BE-9645-A37810DE7721}.Debug|Any CPU.ActiveCfg = Debug|Any CPU
		{636B6836-114A-48BE-9645-A37810DE7721}.Debug|Any CPU.Build.0 = Debug|Any CPU
		{636B6836-114A-48BE-9645-A37810DE7721}.Release|Any CPU.ActiveCfg = Release|Any CPU
		{636B6836-114A-48BE-9645-A37810DE7721}.Release|Any CPU.Build.0 = Release|Any CPU
		{4131BEEE-1A35-49C3-8D93-7C0530B31523}.Debug|Any CPU.ActiveCfg = Debug|Any CPU
		{4131BEEE-1A35-49C3-8D93-7C0530B31523}.Debug|Any CPU.Build.0 = Debug|Any CPU
		{4131BEEE-1A35-49C3-8D93-7C0530B31523}.Release|Any CPU.ActiveCfg = Release|Any CPU
		{4131BEEE-1A35-49C3-8D93-7C0530B31523}.Release|Any CPU.Build.0 = Release|Any CPU
	EndGlobalSection
	GlobalSection(SolutionProperties) = preSolution
		HideSolutionNode = FALSE
	EndGlobalSection
	GlobalSection(ExtensibilityGlobals) = postSolution
		SolutionGuid = {FC69E5B9-16EB-4770-865D-AD9CEBAA0882}
	EndGlobalSection
EndGlobal
